
Microsoft Visual Studio Solution File, Format Version 12.00
# Visual Studio Version 18
VisualStudioVersion = 18.5.11723.231
MinimumVisualStudioVersion = 10.0.40219.1
Project("{FAE04EC0-301F-11D3-BF4B-00C04F79EFBC}") = "EagleBankAPI", "EagleBankAPI\EagleBankAPI.csproj", "{EB575417-3629-5E05-20C8-A20E41B7DEF8}"
EndProject
Project("{FAE04EC0-301F-11D3-BF4B-00C04F79EFBC}") = "EagleBankAPI.DAL", "EagleBankAPI.DAL\EagleBankAPI.DAL.csproj", "{D21BA019-72AD-4072-9C6D-214A9C6432C0}"
EndProject
Project("{FAE04EC0-301F-11D3-BF4B-00C04F79EFBC}") = "EagleBankAPI.Tests", "EagleBankAPI.Tests\EagleBankAPI.Tests.csproj", "{8BD1351B-7704-495A-BD4E-28747AE39C8E}"
EndProject
Project("{2150E333-8FDC-42A3-9474-1A3956D46DE8}") = "Solution Items", "Solution Items", "{A1234567-89AB-CDEF-0123-456789ABCDEF}"
	ProjectSection(SolutionItems) = preProject
		.gitignore = .gitignore
		openapi.yaml = openapi.yaml
		README.md = README.md
	EndProjectSection
EndProject
Project("{E53339B2-1760-4266-BCC7-CA923CBCF16C}") = "docker-compose", "docker-compose.dcproj", "{81DDED9D-158B-E303-5F62-77A2896D2A5A}"
EndProject
Project("{FAE04EC0-301F-11D3-BF4B-00C04F79EFBC}") = "EagleBankAPI.Core", "EagleBankAPI.Core\EagleBankAPI.Core.csproj", "{2A012B65-1600-46AA-8B91-31F296445375}"
EndProject
Global
	GlobalSection(SolutionConfigurationPlatforms) = preSolution
		Debug|Any CPU = Debug|Any CPU
		Debug|x64 = Debug|x64
		Debug|x86 = Debug|x86
		Release|Any CPU = Release|Any CPU
		Release|x64 = Release|x64
		Release|x86 = Release|x86
	EndGlobalSection
	GlobalSection(ProjectConfigurationPlatforms) = postSolution
		{EB575417-3629-5E05-20C8-A20E41B7DEF8}.Debug|Any CPU.ActiveCfg = Debug|Any CPU
		{EB575417-3629-5E05-20C8-A20E41B7DEF8}.Debug|Any CPU.Build.0 = Debug|Any CPU
		{EB575417-3629-5E05-20C8-A20E41B7DEF8}.Debug|x64.ActiveCfg = Debug|Any CPU
		{EB575417-3629-5E05-20C8-A20E41B7DEF8}.Debug|x64.Build.0 = Debug|Any CPU
		{EB575417-3629-5E05-20C8-A20E41B7DEF8}.Debug|x86.ActiveCfg = Debug|Any CPU
		{EB575417-3629-5E05-20C8-A20E41B7DEF8}.Debug|x86.Build.0 = Debug|Any CPU
		{EB575417-3629-5E05-20C8-A20E41B7DEF8}.Release|Any CPU.ActiveCfg = Release|Any CPU
		{EB575417-3629-5E05-20C8-A20E41B7DEF8}.Release|Any CPU.Build.0 = Release|Any CPU
		{EB575417-3629-5E05-20C8-A20E41B7DEF8}.Release|x64.ActiveCfg = Release|Any CPU
		{EB575417-3629-5E05-20C8-A20E41B7DEF8}.Release|x64.Build.0 = Release|Any CPU
		{EB575417-3629-5E05-20C8-A20E41B7DEF8}.Release|x86.ActiveCfg = Release|Any CPU
		{EB575417-3629-5E05-20C8-A20E41B7DEF8}.Release|x86.Build.0 = Release|Any CPU
		{D21BA019-72AD-4072-9C6D-214A9C6432C0}.Debug|Any CPU.ActiveCfg = Debug|Any CPU
		{D21BA019-72AD-4072-9C6D-214A9C6432C0}.Debug|Any CPU.Build.0 = Debug|Any CPU
		{D21BA019-72AD-4072-9C6D-214A9C6432C0}.Debug|x64.ActiveCfg = Debug|Any CPU
		{D21BA019-72AD-4072-9C6D-214A9C6432C0}.Debug|x64.Build.0 = Debug|Any CPU
		{D21BA019-72AD-4072-9C6D-214A9C6432C0}.Debug|x86.ActiveCfg = Debug|Any CPU
		{D21BA019-72AD-4072-9C6D-214A9C6432C0}.Debug|x86.Build.0 = Debug|Any CPU
		{D21BA019-72AD-4072-9C6D-214A9C6432C0}.Release|Any CPU.ActiveCfg = Release|Any CPU
		{D21BA019-72AD-4072-9C6D-214A9C6432C0}.Release|Any CPU.Build.0 = Release|Any CPU
		{D21BA019-72AD-4072-9C6D-214A9C6432C0}.Release|x64.ActiveCfg = Release|Any CPU
		{D21BA019-72AD-4072-9C6D-214A9C6432C0}.Release|x64.Build.0 = Release|Any CPU
		{D21BA019-72AD-4072-9C6D-214A9C6432C0}.Release|x86.ActiveCfg = Release|Any CPU
		{D21BA019-72AD-4072-9C6D-214A9C6432C0}.Release|x86.Build.0 = Release|Any CPU
		{8BD1351B-7704-495A-BD4E-28747AE39C8E}.Debug|Any CPU.ActiveCfg = Debug|Any CPU
		{8BD1351B-7704-495A-BD4E-28747AE39C8E}.Debug|Any CPU.Build.0 = Debug|Any CPU
		{8BD1351B-7704-495A-BD4E-28747AE39C8E}.Debug|x64.ActiveCfg = Debug|Any CPU
		{8BD1351B-7704-495A-BD4E-28747AE39C8E}.Debug|x64.Build.0 = Debug|Any CPU
		{8BD1351B-7704-495A-BD4E-28747AE39C8E}.Debug|x86.ActiveCfg = Debug|Any CPU
		{8BD1351B-7704-495A-BD4E-28747AE39C8E}.Debug|x86.Build.0 = Debug|Any CPU
		{8BD1351B-7704-495A-BD4E-28747AE39C8E}.Release|Any CPU.ActiveCfg = Release|Any CPU
		{8BD1351B-7704-495A-BD4E-28747AE39C8E}.Release|Any CPU.Build.0 = Release|Any CPU
		{8BD1351B-7704-495A-BD4E-28747AE39C8E}.Release|x64.ActiveCfg = Release|Any CPU
		{8BD1351B-7704-495A-BD4E-28747AE39C8E}.Release|x64.Build.0 = Release|Any CPU
		{8BD1351B-7704-495A-BD4E-28747AE39C8E}.Release|x86.ActiveCfg = Release|Any CPU
		{8BD1351B-7704-495A-BD4E-28747AE39C8E}.Release|x86.Build.0 = Release|Any CPU
		{81DDED9D-158B-E303-5F62-77A2896D2A5A}.Debug|Any CPU.ActiveCfg = Debug|Any CPU
		{81DDED9D-158B-E303-5F62-77A2896D2A5A}.Debug|Any CPU.Build.0 = Debug|Any CPU
		{81DDED9D-158B-E303-5F62-77A2896D2A5A}.Debug|x64.ActiveCfg = Debug|Any CPU
		{81DDED9D-158B-E303-5F62-77A2896D2A5A}.Debug|x64.Build.0 = Debug|Any CPU
		{81DDED9D-158B-E303-5F62-77A2896D2A5A}.Debug|x86.ActiveCfg = Debug|Any CPU
		{81DDED9D-158B-E303-5F62-77A2896D2A5A}.Debug|x86.Build.0 = Debug|Any CPU
		{81DDED9D-158B-E303-5F62-77A2896D2A5A}.Release|Any CPU.ActiveCfg = Release|Any CPU
		{81DDED9D-158B-E303-5F62-77A2896D2A5A}.Release|Any CPU.Build.0 = Release|Any CPU
		{81DDED9D-158B-E303-5F62-77A2896D2A5A}.Release|x64.ActiveCfg = Release|Any CPU
		{81DDED9D-158B-E303-5F62-77A2896D2A5A}.Release|x64.Build.0 = Release|Any CPU
		{81DDED9D-158B-E303-5F62-77A2896D2A5A}.Release|x86.ActiveCfg = Release|Any CPU
		{81DDED9D-158B-E303-5F62-77A2896D2A5A}.Release|x86.Build.0 = Release|Any CPU
		{2A012B65-1600-46AA-8B91-31F296445375}.Debug|Any CPU.ActiveCfg = Debug|Any CPU
		{2A012B65-1600-46AA-8B91-31F296445375}.Debug|Any CPU.Build.0 = Debug|Any CPU
		{2A012B65-1600-46AA-8B91-31F296445375}.Debug|x64.ActiveCfg = Debug|Any CPU
		{2A012B65-1600-46AA-8B91-31F296445375}.Debug|x64.Build.0 = Debug|Any CPU
		{2A012B65-1600-46AA-8B91-31F296445375}.Debug|x86.ActiveCfg = Debug|Any CPU
		{2A012B65-1600-46AA-8B91-31F296445375}.Debug|x86.Build.0 = Debug|Any CPU
		{2A012B65-1600-46AA-8B91-31F296445375}.Release|Any CPU.ActiveCfg = Release|Any CPU
		{2A012B65-1600-46AA-8B91-31F296445375}.Release|Any CPU.Build.0 = Release|Any CPU
		{2A012B65-1600-46AA-8B91-31F296445375}.Release|x64.ActiveCfg = Release|Any CPU
		{2A012B65-1600-46AA-8B91-31F296445375}.Release|x64.Build.0 = Release|Any CPU
		{2A012B65-1600-46AA-8B91-31F296445375}.Release|x86.ActiveCfg = Release|Any CPU
		{2A012B65-1600-46AA-8B91-31F296445375}.Release|x86.Build.0 = Release|Any CPU
	EndGlobalSection
	GlobalSection(SolutionProperties) = preSolution
		HideSolutionNode = FALSE
	EndGlobalSection
	GlobalSection(ExtensibilityGlobals) = postSolution
		SolutionGuid = {4B33280F-0F47-4822-857F-007FDD826618}
	EndGlobalSection
EndGlobal
